
Microsoft Visual Studio Solution File, Format Version 12.00
# Visual Studio Version 16
VisualStudioVersion = 16.0.30406.217
MinimumVisualStudioVersion = 10.0.40219.1
Project("{FAE04EC0-301F-11D3-BF4B-00C04F79EFBC}") = "AplikasiLatihan3", "AplikasiLatihan3\AplikasiLatihan3.csproj", "{389E9711-C1BE-475A-A709-A15781748FB3}"
EndProject
Global
	GlobalSection(SolutionConfigurationPlatforms) = preSolution
		Debug|Any CPU = Debug|Any CPU
		Release|Any CPU = Release|Any CPU
	EndGlobalSection
	GlobalSection(ProjectConfigurationPlatforms) = postSolution
		{389E9711-C1BE-475A-A709-A15781748FB3}.Debug|Any CPU.ActiveCfg = Debug|Any CPU
		{389E9711-C1BE-475A-A709-A15781748FB3}.Debug|Any CPU.Build.0 = Debug|Any CPU
		{389E9711-C1BE-475A-A709-A15781748FB3}.Release|Any CPU.ActiveCfg = Release|Any CPU
		{389E9711-C1BE-475A-A709-A15781748FB3}.Release|Any CPU.Build.0 = Release|Any CPU
	EndGlobalSection
	GlobalSection(SolutionProperties) = preSolution
		HideSolutionNode = FALSE
	EndGlobalSection
	GlobalSection(ExtensibilityGlobals) = postSolution
		SolutionGuid = {9EA53500-CB4D-480A-8704-AACAA5711BE5}
	EndGlobalSection
EndGlobal
